
Microsoft Visual Studio Solution File, Format Version 12.00
# Visual Studio 15
VisualStudioVersion = 15.0.26430.6
MinimumVisualStudioVersion = 10.0.40219.1
Project("{FAE04EC0-301F-11D3-BF4B-00C04F79EFBC}") = "CustomersAPIServices", "CustomersAPIServices\CustomersAPIServices.csproj", "{5E9B6D2D-5B66-46B8-AECC-E09E2EB659F7}"
EndProject
Project("{FAE04EC0-301F-11D3-BF4B-00C04F79EFBC}") = "ProductsAPIServices", "ProductsAPIServices\ProductsAPIServices.csproj", "{AFA7F11B-B7CE-4406-993D-ACD452FDC4F1}"
EndProject
Project("{FAE04EC0-301F-11D3-BF4B-00C04F79EFBC}") = "APIGateway", "APIGateway\APIGateway.csproj", "{C7DCAF73-A0C3-4BE4-A74A-197DE2092CE7}"
EndProject
Global
	GlobalSection(SolutionProperties) = preSolution
		HideSolutionNode = FALSE
	EndGlobalSection
	GlobalSection(SolutionConfigurationPlatforms) = preSolution
		Debug|Any CPU = Debug|Any CPU
		Debug|x64 = Debug|x64
		Debug|x86 = Debug|x86
		Release|Any CPU = Release|Any CPU
		Release|x64 = Release|x64
		Release|x86 = Release|x86
	EndGlobalSection
	GlobalSection(ProjectConfigurationPlatforms) = postSolution
		{5E9B6D2D-5B66-46B8-AECC-E09E2EB659F7}.Debug|Any CPU.ActiveCfg = Debug|Any CPU
		{5E9B6D2D-5B66-46B8-AECC-E09E2EB659F7}.Debug|Any CPU.Build.0 = Debug|Any CPU
		{5E9B6D2D-5B66-46B8-AECC-E09E2EB659F7}.Debug|x64.ActiveCfg = Debug|x64
		{5E9B6D2D-5B66-46B8-AECC-E09E2EB659F7}.Debug|x64.Build.0 = Debug|x64
		{5E9B6D2D-5B66-46B8-AECC-E09E2EB659F7}.Debug|x86.ActiveCfg = Debug|x86
		{5E9B6D2D-5B66-46B8-AECC-E09E2EB659F7}.Debug|x86.Build.0 = Debug|x86
		{5E9B6D2D-5B66-46B8-AECC-E09E2EB659F7}.Release|Any CPU.ActiveCfg = Release|Any CPU
		{5E9B6D2D-5B66-46B8-AECC-E09E2EB659F7}.Release|Any CPU.Build.0 = Release|Any CPU
		{5E9B6D2D-5B66-46B8-AECC-E09E2EB659F7}.Release|x64.ActiveCfg = Release|x64
		{5E9B6D2D-5B66-46B8-AECC-E09E2EB659F7}.Release|x64.Build.0 = Release|x64
		{5E9B6D2D-5B66-46B8-AECC-E09E2EB659F7}.Release|x86.ActiveCfg = Release|x86
		{5E9B6D2D-5B66-46B8-AECC-E09E2EB659F7}.Release|x86.Build.0 = Release|x86
		{AFA7F11B-B7CE-4406-993D-ACD452FDC4F1}.Debug|Any CPU.ActiveCfg = Debug|Any CPU
		{AFA7F11B-B7CE-4406-993D-ACD452FDC4F1}.Debug|Any CPU.Build.0 = Debug|Any CPU
		{AFA7F11B-B7CE-4406-993D-ACD452FDC4F1}.Debug|x64.ActiveCfg = Debug|x64
		{AFA7F11B-B7CE-4406-993D-ACD452FDC4F1}.Debug|x64.Build.0 = Debug|x64
		{AFA7F11B-B7CE-4406-993D-ACD452FDC4F1}.Debug|x86.ActiveCfg = Debug|x86
		{AFA7F11B-B7CE-4406-993D-ACD452FDC4F1}.Debug|x86.Build.0 = Debug|x86
		{AFA7F11B-B7CE-4406-993D-ACD452FDC4F1}.Release|Any CPU.ActiveCfg = Release|Any CPU
		{AFA7F11B-B7CE-4406-993D-ACD452FDC4F1}.Release|Any CPU.Build.0 = Release|Any CPU
		{AFA7F11B-B7CE-4406-993D-ACD452FDC4F1}.Release|x64.ActiveCfg = Release|x64
		{AFA7F11B-B7CE-4406-993D-ACD452FDC4F1}.Release|x64.Build.0 = Release|x64
		{AFA7F11B-B7CE-4406-993D-ACD452FDC4F1}.Release|x86.ActiveCfg = Release|x86
		{AFA7F11B-B7CE-4406-993D-ACD452FDC4F1}.Release|x86.Build.0 = Release|x86
		{C7DCAF73-A0C3-4BE4-A74A-197DE2092CE7}.Debug|Any CPU.ActiveCfg = Debug|Any CPU
		{C7DCAF73-A0C3-4BE4-A74A-197DE2092CE7}.Debug|Any CPU.Build.0 = Debug|Any CPU
		{C7DCAF73-A0C3-4BE4-A74A-197DE2092CE7}.Debug|x64.ActiveCfg = Debug|x64
		{C7DCAF73-A0C3-4BE4-A74A-197DE2092CE7}.Debug|x64.Build.0 = Debug|x64
		{C7DCAF73-A0C3-4BE4-A74A-197DE2092CE7}.Debug|x86.ActiveCfg = Debug|x86
		{C7DCAF73-A0C3-4BE4-A74A-197DE2092CE7}.Debug|x86.Build.0 = Debug|x86
		{C7DCAF73-A0C3-4BE4-A74A-197DE2092CE7}.Release|Any CPU.ActiveCfg = Release|Any CPU
		{C7DCAF73-A0C3-4BE4-A74A-197DE2092CE7}.Release|Any CPU.Build.0 = Release|Any CPU
		{C7DCAF73-A0C3-4BE4-A74A-197DE2092CE7}.Release|x64.ActiveCfg = Release|x64
		{C7DCAF73-A0C3-4BE4-A74A-197DE2092CE7}.Release|x64.Build.0 = Release|x64
		{C7DCAF73-A0C3-4BE4-A74A-197DE2092CE7}.Release|x86.ActiveCfg = Release|x86
		{C7DCAF73-A0C3-4BE4-A74A-197DE2092CE7}.Release|x86.Build.0 = Release|x86
	EndGlobalSection
EndGlobal
